{
  "name": "@tush-tr/nosondb",
  "version": "1.0.0",
  "lockfileVersion": 2,
  "requires": true,
  "packages": {
    "": {
      "name": "@tush-tr/nosondb",
      "version": "1.0.0",
      "license": "MIT",
      "dependencies": {
        "@tush-tr/nosondb": "^1.0.0"
      }
    },
    "node_modules/@tush-tr/nosondb": {
      "version": "1.0.0",
      "resolved": "https://registry.npmjs.org/@tush-tr/nosondb/-/nosondb-1.0.0.tgz",
      "integrity": "sha512-6Y11SgnE+CbEmmMEOzTqLglu82RYBecZmLmhvlSrpvFnG/kH2dBsTgOPSci0H3F9XUEU+Eelv69XNSEy9F2XsA=="
    }
  },
  "dependencies": {
    "@tush-tr/nosondb": {
      "version": "1.0.0",
      "resolved": "https://registry.npmjs.org/@tush-tr/nosondb/-/nosondb-1.0.0.tgz",
      "integrity": "sha512-6Y11SgnE+CbEmmMEOzTqLglu82RYBecZmLmhvlSrpvFnG/kH2dBsTgOPSci0H3F9XUEU+Eelv69XNSEy9F2XsA=="
    }
  }
}
